# THIS IS AN AUTOGENERATED FILE. DO NOT EDIT THIS FILE DIRECTLY.
# yarn lockfile v1


adsr@^1.0.0:
  version "1.0.1"
  resolved "https://registry.yarnpkg.com/adsr/-/adsr-1.0.1.tgz#a7bc08e5ef8a71e6364abc96fce7df1c44881cc3"

audio-loader@^0.5.0:
  version "0.5.0"
  resolved "https://registry.yarnpkg.com/audio-loader/-/audio-loader-0.5.0.tgz#9c125d1b25c33cd9626084054d9f6b7f31ddc908"

midimessage@^1.0.5:
  version "1.0.5"
  resolved "https://registry.yarnpkg.com/midimessage/-/midimessage-1.0.5.tgz#ad99f04d863a053a2563d553c5bf35070b48802c"

note-parser@^1.1.0:
  version "1.1.0"
  resolved "https://registry.yarnpkg.com/note-parser/-/note-parser-1.1.0.tgz#12e9f17e51450ec994f1364a01982c22667b8e6b"

note-parser@^2.0.0:
  version "2.0.1"
  resolved "https://registry.yarnpkg.com/note-parser/-/note-parser-2.0.1.tgz#2438fd57a46894b402b3a2071798660129c8fbc1"

sample-player@^0.5.5:
  version "0.5.5"
  resolved "https://registry.yarnpkg.com/sample-player/-/sample-player-0.5.5.tgz#bc35bea3449c6fa972528f022a9bbc2872195637"
  dependencies:
    adsr "^1.0.0"
    midimessage "^1.0.5"
    note-parser "^1.1.0"

soundfont-player@^0.10.5:
  version "0.10.5"
  resolved "https://registry.yarnpkg.com/soundfont-player/-/soundfont-player-0.10.5.tgz#6e84dc13b72c40268736bd6c039d1df1aee53c79"
  dependencies:
    audio-loader "^0.5.0"
    note-parser "^2.0.0"
    sample-player "^0.5.5"
